Microsoft Visual Studio Solution File, Format Version 12.00
# Visual Studio Version 17
VisualStudioVersion = 17.5.2.0
MinimumVisualStudioVersion = 10.0.40219.1
Project("{FAE04EC0-301F-11D3-BF4B-00C04F79EFBC}") = "hatstravaganza", "hatstravaganza.csproj", "{F86A0406-7CFC-6380-26B0-C53679F5BB0E}"
EndProject
Global
	GlobalSection(SolutionConfigurationPlatforms) = preSolution
		Debug|Any CPU = Debug|Any CPU
		Release|Any CPU = Release|Any CPU
	EndGlobalSection
	GlobalSection(ProjectConfigurationPlatforms) = postSolution
		{F86A0406-7CFC-6380-26B0-C53679F5BB0E}.Debug|Any CPU.ActiveCfg = Debug|Any CPU
		{F86A0406-7CFC-6380-26B0-C53679F5BB0E}.Debug|Any CPU.Build.0 = Debug|Any CPU
		{F86A0406-7CFC-6380-26B0-C53679F5BB0E}.Release|Any CPU.ActiveCfg = Release|Any CPU
		{F86A0406-7CFC-6380-26B0-C53679F5BB0E}.Release|Any CPU.Build.0 = Release|Any CPU
	EndGlobalSection
	GlobalSection(SolutionProperties) = preSolution
		HideSolutionNode = FALSE
	EndGlobalSection
	GlobalSection(ExtensibilityGlobals) = postSolution
		SolutionGuid = {B1DB5555-D609-4C18-84BE-5A275708EC86}
	EndGlobalSection
EndGlobal
